
Microsoft Visual Studio Solution File, Format Version 12.00
# Visual Studio Version 16
VisualStudioVersion = 16.0.32106.194
MinimumVisualStudioVersion = 10.0.40219.1
Project("{FAE04EC0-301F-11D3-BF4B-00C04F79EFBC}") = "Application_Banque", "Application_Banque\Application_Banque.csproj", "{F7283701-89CD-4863-8808-C6726CE3E1A6}"
EndProject
Project("{FAE04EC0-301F-11D3-BF4B-00C04F79EFBC}") = "Application_BanqueGUI", "Application_BanqueGUI\Application_BanqueGUI.csproj", "{39D94B6C-54D3-407F-91B5-4E8EAFCB85B5}"
EndProject
Global
	GlobalSection(SolutionConfigurationPlatforms) = preSolution
		Debug|Any CPU = Debug|Any CPU
		Release|Any CPU = Release|Any CPU
	EndGlobalSection
	GlobalSection(ProjectConfigurationPlatforms) = postSolution
		{F7283701-89CD-4863-8808-C6726CE3E1A6}.Debug|Any CPU.ActiveCfg = Debug|Any CPU
		{F7283701-89CD-4863-8808-C6726CE3E1A6}.Debug|Any CPU.Build.0 = Debug|Any CPU
		{F7283701-89CD-4863-8808-C6726CE3E1A6}.Release|Any CPU.ActiveCfg = Release|Any CPU
		{F7283701-89CD-4863-8808-C6726CE3E1A6}.Release|Any CPU.Build.0 = Release|Any CPU
		{39D94B6C-54D3-407F-91B5-4E8EAFCB85B5}.Debug|Any CPU.ActiveCfg = Debug|Any CPU
		{39D94B6C-54D3-407F-91B5-4E8EAFCB85B5}.Debug|Any CPU.Build.0 = Debug|Any CPU
		{39D94B6C-54D3-407F-91B5-4E8EAFCB85B5}.Release|Any CPU.ActiveCfg = Release|Any CPU
		{39D94B6C-54D3-407F-91B5-4E8EAFCB85B5}.Release|Any CPU.Build.0 = Release|Any CPU
	EndGlobalSection
	GlobalSection(SolutionProperties) = preSolution
		HideSolutionNode = FALSE
	EndGlobalSection
	GlobalSection(ExtensibilityGlobals) = postSolution
		SolutionGuid = {AD49D037-398E-4D89-8EE5-E4CEBA346672}
	EndGlobalSection
EndGlobal
